// !$*UTF8*$!
{
	archiveVersion = 1;
	classes = {
	};
	objectVersion = 77;
	objects = {

/* Begin PBXBuildFile section */
		D1062E862F897B6200A9E9C3 /* AppDelegate.swift in Sources */ = {isa = PBXBuildFile; fileRef = D1062E7E2F897B6200A9E9C3 /* AppDelegate.swift */; };
		D1062E872F897B6200A9E9C3 /* SceneDelegate.swift in Sources */ = {isa = PBXBuildFile; fileRef = D1062E832F897B6200A9E9C3 /* SceneDelegate.swift */; };
		D1062E892F897B6200A9E9C3 /* Assets.xcassets in Resources */ = {isa = PBXBuildFile; fileRef = D1062E7F2F897B6200A9E9C3 /* Assets.xcassets */; };
		D1062E8F2F897BB500A9E9C3 /* Theme.swift in Sources */ = {isa = PBXBuildFile; fileRef = D1062E8E2F897BB500A9E9C3 /* Theme.swift */; };
		D1062E912F897BC500A9E9C3 /* ThemeFont.swift in Sources */ = {isa = PBXBuildFile; fileRef = D1062E902F897BC500A9E9C3 /* ThemeFont.swift */; };
		D1062E932F897BD300A9E9C3 /* ThemePalette.swift in Sources */ = {isa = PBXBuildFile; fileRef = D1062E922F897BD300A9E9C3 /* ThemePalette.swift */; };
		D1062E952F897BEA00A9E9C3 /* ThemeSize.swift in Sources */ = {isa = PBXBuildFile; fileRef = D1062E942F897BEA00A9E9C3 /* ThemeSize.swift */; };
		D1062E972F897BF900A9E9C3 /* ThemeSpacing.swift in Sources */ = {isa = PBXBuildFile; fileRef = D1062E962F897BF900A9E9C3 /* ThemeSpacing.swift */; };
		D1062E9C2F897C3500A9E9C3 /* TabBarController.swift in Sources */ = {isa = PBXBuildFile; fileRef = D1062E9B2F897C3500A9E9C3 /* TabBarController.swift */; };
		D1062EA72F897D5A00A9E9C3 /* CurrencyPairModel.swift in Sources */ = {isa = PBXBuildFile; fileRef = D1062EA62F897D5A00A9E9C3 /* CurrencyPairModel.swift */; };
		D1062EAA2F897D8D00A9E9C3 /* CurrencyPairScreenPresenter.swift in Sources */ = {isa = PBXBuildFile; fileRef = D1062EA92F897D8D00A9E9C3 /* CurrencyPairScreenPresenter.swift */; };
		D1062EAD2F897DC400A9E9C3 /* CurrencyPairScreenAssembly.swift in Sources */ = {isa = PBXBuildFile; fileRef = D1062EAC2F897DC400A9E9C3 /* CurrencyPairScreenAssembly.swift */; };
		D1062EB12F897DDF00A9E9C3 /* CurrencyPairScreenViewController.swift in Sources */ = {isa = PBXBuildFile; fileRef = D1062EB02F897DDF00A9E9C3 /* CurrencyPairScreenViewController.swift */; };
		D1062EB62F897E1500A9E9C3 /* CurrencyPairScreenView.swift in Sources */ = {isa = PBXBuildFile; fileRef = D1062EB52F897E1500A9E9C3 /* CurrencyPairScreenView.swift */; };
		D1062EB92F897E3500A9E9C3 /* CurrencyPairScreenDisplayState.swift in Sources */ = {isa = PBXBuildFile; fileRef = D1062EB82F897E3500A9E9C3 /* CurrencyPairScreenDisplayState.swift */; };
		D1062EC02F897E6000A9E9C3 /* CurrencyPickerListRefresh.swift in Sources */ = {isa = PBXBuildFile; fileRef = D1062EBF2F897E6000A9E9C3 /* CurrencyPickerListRefresh.swift */; };
		D1062EC22F897E6F00A9E9C3 /* CurrencyShortPickerViewController.swift in Sources */ = {isa = PBXBuildFile; fileRef = D1062EC12F897E6F00A9E9C3 /* CurrencyShortPickerViewController.swift */; };
		D1062EC42F897E8200A9E9C3 /* CurrencyFullListViewController.swift in Sources */ = {isa = PBXBuildFile; fileRef = D1062EC32F897E8200A9E9C3 /* CurrencyFullListViewController.swift */; };
		D1062EC72F897EA100A9E9C3 /* CurrencyPairScreenFavoriteView.swift in Sources */ = {isa = PBXBuildFile; fileRef = D1062EC62F897EA100A9E9C3 /* CurrencyPairScreenFavoriteView.swift */; };
		D1062ECA2F897EBD00A9E9C3 /* CurrencyPairCollectionViewLayout.swift in Sources */ = {isa = PBXBuildFile; fileRef = D1062EC92F897EBD00A9E9C3 /* CurrencyPairCollectionViewLayout.swift */; };
		D1062ECC2F897ECD00A9E9C3 /* CurrencyPairCollectionViewCell.swift in Sources */ = {isa = PBXBuildFile; fileRef = D1062ECB2F897ECD00A9E9C3 /* CurrencyPairCollectionViewCell.swift */; };
		D1062ECE2F897EE300A9E9C3 /* CurrencyPairCollectionView.swift in Sources */ = {isa = PBXBuildFile; fileRef = D1062ECD2F897EE300A9E9C3 /* CurrencyPairCollectionView.swift */; };
/* End PBXBuildFile section */

/* Begin PBXFileReference section */
		D1062E662F897B4500A9E9C3 /* LHomeWork-9.app */ = {isa = PBXFileReference; explicitFileType = wrapper.application; includeInIndex = 0; path = "LHomeWork-9.app"; sourceTree = BUILT_PRODUCTS_DIR; };
		D1062E7E2F897B6200A9E9C3 /* AppDelegate.swift */ = {isa = PBXFileReference; lastKnownFileType = sourcecode.swift; path = AppDelegate.swift; sourceTree = "<group>"; };
		D1062E7F2F897B6200A9E9C3 /* Assets.xcassets */ = {isa = PBXFileReference; lastKnownFileType = folder.assetcatalog; path = Assets.xcassets; sourceTree = "<group>"; };
		D1062E802F897B6200A9E9C3 /* Info.plist */ = {isa = PBXFileReference; lastKnownFileType = text.plist.xml; path = Info.plist; sourceTree = "<group>"; };
		D1062E832F897B6200A9E9C3 /* SceneDelegate.swift */ = {isa = PBXFileReference; lastKnownFileType = sourcecode.swift; path = SceneDelegate.swift; sourceTree = "<group>"; };
		D1062E8E2F897BB500A9E9C3 /* Theme.swift */ = {isa = PBXFileReference; lastKnownFileType = sourcecode.swift; path = Theme.swift; sourceTree = "<group>"; };
		D1062E902F897BC500A9E9C3 /* ThemeFont.swift */ = {isa = PBXFileReference; lastKnownFileType = sourcecode.swift; path = ThemeFont.swift; sourceTree = "<group>"; };
		D1062E922F897BD300A9E9C3 /* ThemePalette.swift */ = {isa = PBXFileReference; lastKnownFileType = sourcecode.swift; path = ThemePalette.swift; sourceTree = "<group>"; };
		D1062E942F897BEA00A9E9C3 /* ThemeSize.swift */ = {isa = PBXFileReference; lastKnownFileType = sourcecode.swift; path = ThemeSize.swift; sourceTree = "<group>"; };
		D1062E962F897BF900A9E9C3 /* ThemeSpacing.swift */ = {isa = PBXFileReference; lastKnownFileType = sourcecode.swift; path = ThemeSpacing.swift; sourceTree = "<group>"; };
		D1062E9B2F897C3500A9E9C3 /* TabBarController.swift */ = {isa = PBXFileReference; lastKnownFileType = sourcecode.swift; path = TabBarController.swift; sourceTree = "<group>"; };
		D1062EA62F897D5A00A9E9C3 /* CurrencyPairModel.swift */ = {isa = PBXFileReference; lastKnownFileType = sourcecode.swift; path = CurrencyPairModel.swift; sourceTree = "<group>"; };
		D1062EA92F897D8D00A9E9C3 /* CurrencyPairScreenPresenter.swift */ = {isa = PBXFileReference; lastKnownFileType = sourcecode.swift; path = CurrencyPairScreenPresenter.swift; sourceTree = "<group>"; };
		D1062EAC2F897DC400A9E9C3 /* CurrencyPairScreenAssembly.swift */ = {isa = PBXFileReference; lastKnownFileType = sourcecode.swift; path = CurrencyPairScreenAssembly.swift; sourceTree = "<group>"; };
		D1062EB02F897DDF00A9E9C3 /* CurrencyPairScreenViewController.swift */ = {isa = PBXFileReference; lastKnownFileType = sourcecode.swift; path = CurrencyPairScreenViewController.swift; sourceTree = "<group>"; };
		D1062EB52F897E1500A9E9C3 /* CurrencyPairScreenView.swift */ = {isa = PBXFileReference; lastKnownFileType = sourcecode.swift; path = CurrencyPairScreenView.swift; sourceTree = "<group>"; };
		D1062EB82F897E3500A9E9C3 /* CurrencyPairScreenDisplayState.swift */ = {isa = PBXFileReference; lastKnownFileType = sourcecode.swift; path = CurrencyPairScreenDisplayState.swift; sourceTree = "<group>"; };
		D1062EBF2F897E6000A9E9C3 /* CurrencyPickerListRefresh.swift */ = {isa = PBXFileReference; lastKnownFileType = sourcecode.swift; path = CurrencyPickerListRefresh.swift; sourceTree = "<group>"; };
		D1062EC12F897E6F00A9E9C3 /* CurrencyShortPickerViewController.swift */ = {isa = PBXFileReference; lastKnownFileType = sourcecode.swift; path = CurrencyShortPickerViewController.swift; sourceTree = "<group>"; };
		D1062EC32F897E8200A9E9C3 /* CurrencyFullListViewController.swift */ = {isa = PBXFileReference; lastKnownFileType = sourcecode.swift; path = CurrencyFullListViewController.swift; sourceTree = "<group>"; };
		D1062EC62F897EA100A9E9C3 /* CurrencyPairScreenFavoriteView.swift */ = {isa = PBXFileReference; lastKnownFileType = sourcecode.swift; path = CurrencyPairScreenFavoriteView.swift; sourceTree = "<group>"; };
		D1062EC92F897EBD00A9E9C3 /* CurrencyPairCollectionViewLayout.swift */ = {isa = PBXFileReference; lastKnownFileType = sourcecode.swift; path = CurrencyPairCollectionViewLayout.swift; sourceTree = "<group>"; };
		D1062ECB2F897ECD00A9E9C3 /* CurrencyPairCollectionViewCell.swift */ = {isa = PBXFileReference; lastKnownFileType = sourcecode.swift; path = CurrencyPairCollectionViewCell.swift; sourceTree = "<group>"; };
		D1062ECD2F897EE300A9E9C3 /* CurrencyPairCollectionView.swift */ = {isa = PBXFileReference; lastKnownFileType = sourcecode.swift; path = CurrencyPairCollectionView.swift; sourceTree = "<group>"; };
/* End PBXFileReference section */

/* Begin PBXFrameworksBuildPhase section */
		D1062E632F897B4500A9E9C3 /* Frameworks */ = {
			isa = PBXFrameworksBuildPhase;
			buildActionMask = 2147483647;
			files = (
			);
			runOnlyForDeploymentPostprocessing = 0;
		};
/* End PBXFrameworksBuildPhase section */

/* Begin PBXGroup section */
		D1062E5D2F897B4500A9E9C3 = {
			isa = PBXGroup;
			children = (
				D1062E852F897B6200A9E9C3 /* LHomeWork-9 */,
				D1062E672F897B4500A9E9C3 /* Products */,
			);
			sourceTree = "<group>";
		};
		D1062E672F897B4500A9E9C3 /* Products */ = {
			isa = PBXGroup;
			children = (
				D1062E662F897B4500A9E9C3 /* LHomeWork-9.app */,
			);
			name = Products;
			sourceTree = "<group>";
		};
		D1062E852F897B6200A9E9C3 /* LHomeWork-9 */ = {
			isa = PBXGroup;
			children = (
				D1062E832F897B6200A9E9C3 /* SceneDelegate.swift */,
				D1062E7E2F897B6200A9E9C3 /* AppDelegate.swift */,
				D1062E982F897C0B00A9E9C3 /* Screen */,
				D1062E8C2F897B9D00A9E9C3 /* UI */,
				D1062E7F2F897B6200A9E9C3 /* Assets.xcassets */,
				D1062E802F897B6200A9E9C3 /* Info.plist */,
			);
			path = "LHomeWork-9";
			sourceTree = "<group>";
		};
		D1062E8C2F897B9D00A9E9C3 /* UI */ = {
			isa = PBXGroup;
			children = (
				D1062E8D2F897BAA00A9E9C3 /* DesingSystem */,
			);
			path = UI;
			sourceTree = "<group>";
		};
		D1062E8D2F897BAA00A9E9C3 /* DesingSystem */ = {
			isa = PBXGroup;
			children = (
				D1062E8E2F897BB500A9E9C3 /* Theme.swift */,
				D1062E902F897BC500A9E9C3 /* ThemeFont.swift */,
				D1062E922F897BD300A9E9C3 /* ThemePalette.swift */,
				D1062E942F897BEA00A9E9C3 /* ThemeSize.swift */,
				D1062E962F897BF900A9E9C3 /* ThemeSpacing.swift */,
			);
			path = DesingSystem;
			sourceTree = "<group>";
		};
		D1062E982F897C0B00A9E9C3 /* Screen */ = {
			isa = PBXGroup;
			children = (
				D1062E9A2F897C1E00A9E9C3 /* TabBarController */,
				D1062E992F897C1600A9E9C3 /* CurrencyPairModule */,
			);
			path = Screen;
			sourceTree = "<group>";
		};
		D1062E992F897C1600A9E9C3 /* CurrencyPairModule */ = {
			isa = PBXGroup;
			children = (
				D1062EC52F897E9700A9E9C3 /* UIComponents */,
				D1062EBA2F897E4600A9E9C3 /* CurrencyPicker */,
				D1062EAB2F897DB700A9E9C3 /* Trading */,
				D1062EA82F897D8000A9E9C3 /* Presentation */,
				D1062EA52F897D5000A9E9C3 /* Model */,
			);
			path = CurrencyPairModule;
			sourceTree = "<group>";
		};
		D1062E9A2F897C1E00A9E9C3 /* TabBarController */ = {
			isa = PBXGroup;
			children = (
				D1062E9B2F897C3500A9E9C3 /* TabBarController.swift */,
			);
			path = TabBarController;
			sourceTree = "<group>";
		};
		D1062EA52F897D5000A9E9C3 /* Model */ = {
			isa = PBXGroup;
			children = (
				D1062EA62F897D5A00A9E9C3 /* CurrencyPairModel.swift */,
			);
			path = Model;
			sourceTree = "<group>";
		};
		D1062EA82F897D8000A9E9C3 /* Presentation */ = {
			isa = PBXGroup;
			children = (
				D1062EA92F897D8D00A9E9C3 /* CurrencyPairScreenPresenter.swift */,
			);
			path = Presentation;
			sourceTree = "<group>";
		};
		D1062EAB2F897DB700A9E9C3 /* Trading */ = {
			isa = PBXGroup;
			children = (
				D1062EB72F897E2900A9E9C3 /* State */,
				D1062EB22F897DF300A9E9C3 /* View */,
				D1062EAC2F897DC400A9E9C3 /* CurrencyPairScreenAssembly.swift */,
				D1062EB02F897DDF00A9E9C3 /* CurrencyPairScreenViewController.swift */,
			);
			path = Trading;
			sourceTree = "<group>";
		};
		D1062EB22F897DF300A9E9C3 /* View */ = {
			isa = PBXGroup;
			children = (
				D1062EB52F897E1500A9E9C3 /* CurrencyPairScreenView.swift */,
			);
			path = View;
			sourceTree = "<group>";
		};
		D1062EB72F897E2900A9E9C3 /* State */ = {
			isa = PBXGroup;
			children = (
				D1062EB82F897E3500A9E9C3 /* CurrencyPairScreenDisplayState.swift */,
			);
			path = State;
			sourceTree = "<group>";
		};
		D1062EBA2F897E4600A9E9C3 /* CurrencyPicker */ = {
			isa = PBXGroup;
			children = (
				D1062EBF2F897E6000A9E9C3 /* CurrencyPickerListRefresh.swift */,
				D1062EC12F897E6F00A9E9C3 /* CurrencyShortPickerViewController.swift */,
				D1062EC32F897E8200A9E9C3 /* CurrencyFullListViewController.swift */,
			);
			path = CurrencyPicker;
			sourceTree = "<group>";
		};
		D1062EC52F897E9700A9E9C3 /* UIComponents */ = {
			isa = PBXGroup;
			children = (
				D1062EC82F897EB100A9E9C3 /* CollectionView */,
				D1062EC62F897EA100A9E9C3 /* CurrencyPairScreenFavoriteView.swift */,
			);
			path = UIComponents;
			sourceTree = "<group>";
		};
		D1062EC82F897EB100A9E9C3 /* CollectionView */ = {
			isa = PBXGroup;
			children = (
				D1062EC92F897EBD00A9E9C3 /* CurrencyPairCollectionViewLayout.swift */,
				D1062ECB2F897ECD00A9E9C3 /* CurrencyPairCollectionViewCell.swift */,
				D1062ECD2F897EE300A9E9C3 /* CurrencyPairCollectionView.swift */,
			);
			path = CollectionView;
			sourceTree = "<group>";
		};
/* End PBXGroup section */

/* Begin PBXNativeTarget section */
		D1062E652F897B4500A9E9C3 /* LHomeWork-9 */ = {
			isa = PBXNativeTarget;
			buildConfigurationList = D1062E792F897B4700A9E9C3 /* Build configuration list for PBXNativeTarget "LHomeWork-9" */;
			buildPhases = (
				D1062E622F897B4500A9E9C3 /* Sources */,
				D1062E632F897B4500A9E9C3 /* Frameworks */,
				D1062E642F897B4500A9E9C3 /* Resources */,
			);
			buildRules = (
			);
			dependencies = (
			);
			name = "LHomeWork-9";
			packageProductDependencies = (
			);
			productName = "LHomeWork-9";
			productReference = D1062E662F897B4500A9E9C3 /* LHomeWork-9.app */;
			productType = "com.apple.product-type.application";
		};
/* End PBXNativeTarget section */

/* Begin PBXProject section */
		D1062E5E2F897B4500A9E9C3 /* Project object */ = {
			isa = PBXProject;
			attributes = {
				BuildIndependentTargetsInParallel = 1;
				LastSwiftUpdateCheck = 2630;
				LastUpgradeCheck = 2630;
				TargetAttributes = {
					D1062E652F897B4500A9E9C3 = {
						CreatedOnToolsVersion = 26.3;
					};
				};
			};
			buildConfigurationList = D1062E612F897B4500A9E9C3 /* Build configuration list for PBXProject "LHomeWork-9" */;
			developmentRegion = en;
			hasScannedForEncodings = 0;
			knownRegions = (
				en,
				Base,
			);
			mainGroup = D1062E5D2F897B4500A9E9C3;
			minimizedProjectReferenceProxies = 1;
			preferredProjectObjectVersion = 77;
			productRefGroup = D1062E672F897B4500A9E9C3 /* Products */;
			projectDirPath = "";
			projectRoot = "";
			targets = (
				D1062E652F897B4500A9E9C3 /* LHomeWork-9 */,
			);
		};
/* End PBXProject section */

/* Begin PBXResourcesBuildPhase section */
		D1062E642F897B4500A9E9C3 /* Resources */ = {
			isa = PBXResourcesBuildPhase;
			buildActionMask = 2147483647;
			files = (
				D1062E892F897B6200A9E9C3 /* Assets.xcassets in Resources */,
			);
			runOnlyForDeploymentPostprocessing = 0;
		};
/* End PBXResourcesBuildPhase section */

/* Begin PBXSourcesBuildPhase section */
		D1062E622F897B4500A9E9C3 /* Sources */ = {
			isa = PBXSourcesBuildPhase;
			buildActionMask = 2147483647;
			files = (
				D1062ECA2F897EBD00A9E9C3 /* CurrencyPairCollectionViewLayout.swift in Sources */,
				D1062EA72F897D5A00A9E9C3 /* CurrencyPairModel.swift in Sources */,
				D1062EC72F897EA100A9E9C3 /* CurrencyPairScreenFavoriteView.swift in Sources */,
				D1062EAA2F897D8D00A9E9C3 /* CurrencyPairScreenPresenter.swift in Sources */,
				D1062EC42F897E8200A9E9C3 /* CurrencyFullListViewController.swift in Sources */,
				D1062E972F897BF900A9E9C3 /* ThemeSpacing.swift in Sources */,
				D1062ECE2F897EE300A9E9C3 /* CurrencyPairCollectionView.swift in Sources */,
				D1062E9C2F897C3500A9E9C3 /* TabBarController.swift in Sources */,
				D1062EB62F897E1500A9E9C3 /* CurrencyPairScreenView.swift in Sources */,
				D1062EAD2F897DC400A9E9C3 /* CurrencyPairScreenAssembly.swift in Sources */,
				D1062E912F897BC500A9E9C3 /* ThemeFont.swift in Sources */,
				D1062E932F897BD300A9E9C3 /* ThemePalette.swift in Sources */,
				D1062E952F897BEA00A9E9C3 /* ThemeSize.swift in Sources */,
				D1062EB92F897E3500A9E9C3 /* CurrencyPairScreenDisplayState.swift in Sources */,
				D1062ECC2F897ECD00A9E9C3 /* CurrencyPairCollectionViewCell.swift in Sources */,
				D1062EC22F897E6F00A9E9C3 /* CurrencyShortPickerViewController.swift in Sources */,
				D1062E8F2F897BB500A9E9C3 /* Theme.swift in Sources */,
				D1062EC02F897E6000A9E9C3 /* CurrencyPickerListRefresh.swift in Sources */,
				D1062E862F897B6200A9E9C3 /* AppDelegate.swift in Sources */,
				D1062E872F897B6200A9E9C3 /* SceneDelegate.swift in Sources */,
				D1062EB12F897DDF00A9E9C3 /* CurrencyPairScreenViewController.swift in Sources */,
			);
			runOnlyForDeploymentPostprocessing = 0;
		};
/* End PBXSourcesBuildPhase section */

/* Begin XCBuildConfiguration section */
		D1062E7A2F897B4700A9E9C3 /* Debug */ = {
			isa = XCBuildConfiguration;
			buildSettings = {
				ASSETCATALOG_COMPILER_APPICON_NAME = AppIcon;
				ASSETCATALOG_COMPILER_GLOBAL_ACCENT_COLOR_NAME = AccentColor;
				CODE_SIGN_STYLE = Automatic;
				CURRENT_PROJECT_VERSION = 1;
				DEVELOPMENT_TEAM = 288MPMTRK5;
				GENERATE_INFOPLIST_FILE = YES;
				INFOPLIST_FILE = "LHomeWork-9/Info.plist";
				INFOPLIST_KEY_UIApplicationSupportsIndirectInputEvents = YES;
				INFOPLIST_KEY_UILaunchStoryboardName = LaunchScreen;
				INFOPLIST_KEY_UISupportedInterfaceOrientations_iPad = "UIInterfaceOrientationPortrait UIInterfaceOrientationPortraitUpsideDown UIInterfaceOrientationLandscapeLeft UIInterfaceOrientationLandscapeRight";
				INFOPLIST_KEY_UISupportedInterfaceOrientations_iPhone = "UIInterfaceOrientationPortrait UIInterfaceOrientationLandscapeLeft UIInterfaceOrientationLandscapeRight";
				IPHONEOS_DEPLOYMENT_TARGET = 16.6;
				LD_RUNPATH_SEARCH_PATHS = (
					"$(inherited)",
					"@executable_path/Frameworks",
				);
				MARKETING_VERSION = 1.0;
				PRODUCT_BUNDLE_IDENTIFIER = "-15.11.LHomeWork-9";
				PRODUCT_NAME = "$(TARGET_NAME)";
				STRING_CATALOG_GENERATE_SYMBOLS = YES;
				SUPPORTED_PLATFORMS = "iphoneos iphonesimulator";
				SUPPORTS_MACCATALYST = NO;
				SUPPORTS_MAC_DESIGNED_FOR_IPHONE_IPAD = NO;
				SUPPORTS_XR_DESIGNED_FOR_IPHONE_IPAD = NO;
				SWIFT_APPROACHABLE_CONCURRENCY = YES;
				SWIFT_DEFAULT_ACTOR_ISOLATION = MainActor;
				SWIFT_EMIT_LOC_STRINGS = YES;
				SWIFT_UPCOMING_FEATURE_MEMBER_IMPORT_VISIBILITY = YES;
				SWIFT_VERSION = 5.0;
				TARGETED_DEVICE_FAMILY = 1;
			};
			name = Debug;
		};
		D1062E7B2F897B4700A9E9C3 /* Release */ = {
			isa = XCBuildConfiguration;
			buildSettings = {
				ASSETCATALOG_COMPILER_APPICON_NAME = AppIcon;
				ASSETCATALOG_COMPILER_GLOBAL_ACCENT_COLOR_NAME = AccentColor;
				CODE_SIGN_STYLE = Automatic;
				CURRENT_PROJECT_VERSION = 1;
				DEVELOPMENT_TEAM = 288MPMTRK5;
				GENERATE_INFOPLIST_FILE = YES;
				INFOPLIST_FILE = "LHomeWork-9/Info.plist";
				INFOPLIST_KEY_UIApplicationSupportsIndirectInputEvents = YES;
				INFOPLIST_KEY_UILaunchStoryboardName = LaunchScreen;
				INFOPLIST_KEY_UISupportedInterfaceOrientations_iPad = "UIInterfaceOrientationPortrait UIInterfaceOrientationPortraitUpsideDown UIInterfaceOrientationLandscapeLeft UIInterfaceOrientationLandscapeRight";
				INFOPLIST_KEY_UISupportedInterfaceOrientations_iPhone = "UIInterfaceOrientationPortrait UIInterfaceOrientationLandscapeLeft UIInterfaceOrientationLandscapeRight";
				IPHONEOS_DEPLOYMENT_TARGET = 16.6;
				LD_RUNPATH_SEARCH_PATHS = (
					"$(inherited)",
					"@executable_path/Frameworks",
				);
				MARKETING_VERSION = 1.0;
				PRODUCT_BUNDLE_IDENTIFIER = "-15.11.LHomeWork-9";
				PRODUCT_NAME = "$(TARGET_NAME)";
				STRING_CATALOG_GENERATE_SYMBOLS = YES;
				SUPPORTED_PLATFORMS = "iphoneos iphonesimulator";
				SUPPORTS_MACCATALYST = NO;
				SUPPORTS_MAC_DESIGNED_FOR_IPHONE_IPAD = NO;
				SUPPORTS_XR_DESIGNED_FOR_IPHONE_IPAD = NO;
				SWIFT_APPROACHABLE_CONCURRENCY = YES;
				SWIFT_DEFAULT_ACTOR_ISOLATION = MainActor;
				SWIFT_EMIT_LOC_STRINGS = YES;
				SWIFT_UPCOMING_FEATURE_MEMBER_IMPORT_VISIBILITY = YES;
				SWIFT_VERSION = 5.0;
				TARGETED_DEVICE_FAMILY = 1;
			};
			name = Release;
		};
		D1062E7C2F897B4700A9E9C3 /* Debug */ = {
			isa = XCBuildConfiguration;
			buildSettings = {
				ALWAYS_SEARCH_USER_PATHS = NO;
				ASSETCATALOG_COMPILER_GENERATE_SWIFT_ASSET_SYMBOL_EXTENSIONS = YES;
				CLANG_ANALYZER_NONNULL = YES;
				CLANG_ANALYZER_NUMBER_OBJECT_CONVERSION = YES_AGGRESSIVE;
				CLANG_CXX_LANGUAGE_STANDARD = "gnu++20";
				CLANG_ENABLE_MODULES = YES;
				CLANG_ENABLE_OBJC_ARC = YES;
				CLANG_ENABLE_OBJC_WEAK = YES;
				CLANG_WARN_BLOCK_CAPTURE_AUTORELEASING = YES;
				CLANG_WARN_BOOL_CONVERSION = YES;
				CLANG_WARN_COMMA = YES;
				CLANG_WARN_CONSTANT_CONVERSION = YES;
				CLANG_WARN_DEPRECATED_OBJC_IMPLEMENTATIONS = YES;
				CLANG_WARN_DIRECT_OBJC_ISA_USAGE = YES_ERROR;
				CLANG_WARN_DOCUMENTATION_COMMENTS = YES;
				CLANG_WARN_EMPTY_BODY = YES;
				CLANG_WARN_ENUM_CONVERSION = YES;
				CLANG_WARN_INFINITE_RECURSION = YES;
				CLANG_WARN_INT_CONVERSION = YES;
				CLANG_WARN_NON_LITERAL_NULL_CONVERSION = YES;
				CLANG_WARN_OBJC_IMPLICIT_RETAIN_SELF = YES;
				CLANG_WARN_OBJC_LITERAL_CONVERSION = YES;
				CLANG_WARN_OBJC_ROOT_CLASS = YES_ERROR;
				CLANG_WARN_QUOTED_INCLUDE_IN_FRAMEWORK_HEADER = YES;
				CLANG_WARN_RANGE_LOOP_ANALYSIS = YES;
				CLANG_WARN_STRICT_PROTOTYPES = YES;
				CLANG_WARN_SUSPICIOUS_MOVE = YES;
				CLANG_WARN_UNGUARDED_AVAILABILITY = YES_AGGRESSIVE;
				CLANG_WARN_UNREACHABLE_CODE = YES;
				CLANG_WARN__DUPLICATE_METHOD_MATCH = YES;
				COPY_PHASE_STRIP = NO;
				DEBUG_INFORMATION_FORMAT = dwarf;
				DEVELOPMENT_TEAM = 288MPMTRK5;
				ENABLE_STRICT_OBJC_MSGSEND = YES;
				ENABLE_TESTABILITY = YES;
				ENABLE_USER_SCRIPT_SANDBOXING = YES;
				GCC_C_LANGUAGE_STANDARD = gnu17;
				GCC_DYNAMIC_NO_PIC = NO;
				GCC_NO_COMMON_BLOCKS = YES;
				GCC_OPTIMIZATION_LEVEL = 0;
				GCC_PREPROCESSOR_DEFINITIONS = (
					"DEBUG=1",
					"$(inherited)",
				);
				GCC_WARN_64_TO_32_BIT_CONVERSION = YES;
				GCC_WARN_ABOUT_RETURN_TYPE = YES_ERROR;
				GCC_WARN_UNDECLARED_SELECTOR = YES;
				GCC_WARN_UNINITIALIZED_AUTOS = YES_AGGRESSIVE;
				GCC_WARN_UNUSED_FUNCTION = YES;
				GCC_WARN_UNUSED_VARIABLE = YES;
				IPHONEOS_DEPLOYMENT_TARGET = 26.2;
				LOCALIZATION_PREFERS_STRING_CATALOGS = YES;
				MTL_ENABLE_DEBUG_INFO = INCLUDE_SOURCE;
				MTL_FAST_MATH = YES;
				ONLY_ACTIVE_ARCH = YES;
				SDKROOT = iphoneos;
				SWIFT_ACTIVE_COMPILATION_CONDITIONS = "DEBUG $(inherited)";
				SWIFT_OPTIMIZATION_LEVEL = "-Onone";
			};
			name = Debug;
		};
		D1062E7D2F897B4700A9E9C3 /* Release */ = {
			isa = XCBuildConfiguration;
			buildSettings = {
				ALWAYS_SEARCH_USER_PATHS = NO;
				ASSETCATALOG_COMPILER_GENERATE_SWIFT_ASSET_SYMBOL_EXTENSIONS = YES;
				CLANG_ANALYZER_NONNULL = YES;
				CLANG_ANALYZER_NUMBER_OBJECT_CONVERSION = YES_AGGRESSIVE;
				CLANG_CXX_LANGUAGE_STANDARD = "gnu++20";
				CLANG_ENABLE_MODULES = YES;
				CLANG_ENABLE_OBJC_ARC = YES;
				CLANG_ENABLE_OBJC_WEAK = YES;
				CLANG_WARN_BLOCK_CAPTURE_AUTORELEASING = YES;
				CLANG_WARN_BOOL_CONVERSION = YES;
				CLANG_WARN_COMMA = YES;
				CLANG_WARN_CONSTANT_CONVERSION = YES;
				CLANG_WARN_DEPRECATED_OBJC_IMPLEMENTATIONS = YES;
				CLANG_WARN_DIRECT_OBJC_ISA_USAGE = YES_ERROR;
				CLANG_WARN_DOCUMENTATION_COMMENTS = YES;
				CLANG_WARN_EMPTY_BODY = YES;
				CLANG_WARN_ENUM_CONVERSION = YES;
				CLANG_WARN_INFINITE_RECURSION = YES;
				CLANG_WARN_INT_CONVERSION = YES;
				CLANG_WARN_NON_LITERAL_NULL_CONVERSION = YES;
				CLANG_WARN_OBJC_IMPLICIT_RETAIN_SELF = YES;
				CLANG_WARN_OBJC_LITERAL_CONVERSION = YES;
				CLANG_WARN_OBJC_ROOT_CLASS = YES_ERROR;
				CLANG_WARN_QUOTED_INCLUDE_IN_FRAMEWORK_HEADER = YES;
				CLANG_WARN_RANGE_LOOP_ANALYSIS = YES;
				CLANG_WARN_STRICT_PROTOTYPES = YES;
				CLANG_WARN_SUSPICIOUS_MOVE = YES;
				CLANG_WARN_UNGUARDED_AVAILABILITY = YES_AGGRESSIVE;
				CLANG_WARN_UNREACHABLE_CODE = YES;
				CLANG_WARN__DUPLICATE_METHOD_MATCH = YES;
				COPY_PHASE_STRIP = NO;
				DEBUG_INFORMATION_FORMAT = "dwarf-with-dsym";
				DEVELOPMENT_TEAM = 288MPMTRK5;
				ENABLE_NS_ASSERTIONS = NO;
				ENABLE_STRICT_OBJC_MSGSEND = YES;
				ENABLE_USER_SCRIPT_SANDBOXING = YES;
				GCC_C_LANGUAGE_STANDARD = gnu17;
				GCC_NO_COMMON_BLOCKS = YES;
				GCC_WARN_64_TO_32_BIT_CONVERSION = YES;
				GCC_WARN_ABOUT_RETURN_TYPE = YES_ERROR;
				GCC_WARN_UNDECLARED_SELECTOR = YES;
				GCC_WARN_UNINITIALIZED_AUTOS = YES_AGGRESSIVE;
				GCC_WARN_UNUSED_FUNCTION = YES;
				GCC_WARN_UNUSED_VARIABLE = YES;
				IPHONEOS_DEPLOYMENT_TARGET = 26.2;
				LOCALIZATION_PREFERS_STRING_CATALOGS = YES;
				MTL_ENABLE_DEBUG_INFO = NO;
				MTL_FAST_MATH = YES;
				SDKROOT = iphoneos;
				SWIFT_COMPILATION_MODE = wholemodule;
				VALIDATE_PRODUCT = YES;
			};
			name = Release;
		};
/* End XCBuildConfiguration section */

/* Begin XCConfigurationList section */
		D1062E612F897B4500A9E9C3 /* Build configuration list for PBXProject "LHomeWork-9" */ = {
			isa = XCConfigurationList;
			buildConfigurations = (
				D1062E7C2F897B4700A9E9C3 /* Debug */,
				D1062E7D2F897B4700A9E9C3 /* Release */,
			);
			defaultConfigurationIsVisible = 0;
			defaultConfigurationName = Release;
		};
		D1062E792F897B4700A9E9C3 /* Build configuration list for PBXNativeTarget "LHomeWork-9" */ = {
			isa = XCConfigurationList;
			buildConfigurations = (
				D1062E7A2F897B4700A9E9C3 /* Debug */,
				D1062E7B2F897B4700A9E9C3 /* Release */,
			);
			defaultConfigurationIsVisible = 0;
			defaultConfigurationName = Release;
		};
/* End XCConfigurationList section */
	};
	rootObject = D1062E5E2F897B4500A9E9C3 /* Project object */;
}
